
Microsoft Visual Studio Solution File, Format Version 12.00
# Visual Studio Version 16
VisualStudioVersion = 16.0.29613.14
MinimumVisualStudioVersion = 10.0.40219.1
Project("{FAE04EC0-301F-11D3-BF4B-00C04F79EFBC}") = "PZ_Projekt", "PZ_Projekt\PZ_Projekt.csproj", "{EF26852C-EF2E-45B5-8CD9-DF95D7D87164}"
EndProject
Global
	GlobalSection(SolutionConfigurationPlatforms) = preSolution
		Debug|Any CPU = Debug|Any CPU
		Release|Any CPU = Release|Any CPU
	EndGlobalSection
	GlobalSection(ProjectConfigurationPlatforms) = postSolution
		{EF26852C-EF2E-45B5-8CD9-DF95D7D87164}.Debug|Any CPU.ActiveCfg = Debug|Any CPU
		{EF26852C-EF2E-45B5-8CD9-DF95D7D87164}.Debug|Any CPU.Build.0 = Debug|Any CPU
		{EF26852C-EF2E-45B5-8CD9-DF95D7D87164}.Release|Any CPU.ActiveCfg = Release|Any CPU
		{EF26852C-EF2E-45B5-8CD9-DF95D7D87164}.Release|Any CPU.Build.0 = Release|Any CPU
	EndGlobalSection
	GlobalSection(SolutionProperties) = preSolution
		HideSolutionNode = FALSE
	EndGlobalSection
	GlobalSection(ExtensibilityGlobals) = postSolution
		SolutionGuid = {3323C12D-3E20-4B04-BEDB-0656E0F6DA91}
	EndGlobalSection
EndGlobal
